
Microsoft Visual Studio Solution File, Format Version 12.00
# Visual Studio Version 17
VisualStudioVersion = 17.14.36623.8 d17.14
MinimumVisualStudioVersion = 10.0.40219.1
Project("{FAE04EC0-301F-11D3-BF4B-00C04F79EFBC}") = "Date", "Date.csproj", "{A60CF789-C423-4AE6-AF49-E41B85CB2A3C}"
EndProject
Global
	GlobalSection(SolutionConfigurationPlatforms) = preSolution
		Debug|Any CPU = Debug|Any CPU
		Release|Any CPU = Release|Any CPU
	EndGlobalSection
	GlobalSection(ProjectConfigurationPlatforms) = postSolution
		{A60CF789-C423-4AE6-AF49-E41B85CB2A3C}.Debug|Any CPU.ActiveCfg = Debug|Any CPU
		{A60CF789-C423-4AE6-AF49-E41B85CB2A3C}.Debug|Any CPU.Build.0 = Debug|Any CPU
		{A60CF789-C423-4AE6-AF49-E41B85CB2A3C}.Release|Any CPU.ActiveCfg = Release|Any CPU
		{A60CF789-C423-4AE6-AF49-E41B85CB2A3C}.Release|Any CPU.Build.0 = Release|Any CPU
	EndGlobalSection
	GlobalSection(SolutionProperties) = preSolution
		HideSolutionNode = FALSE
	EndGlobalSection
	GlobalSection(ExtensibilityGlobals) = postSolution
		SolutionGuid = {CA71654A-2E92-41E8-96D7-095D9E089E74}
	EndGlobalSection
EndGlobal
